<Solution>
  <Configurations>
    <BuildType Name="Debug" />
    <BuildType Name="Release" />
    <BuildType Name="CI" />
  </Configurations>
  <Project Path="ExecuteShell/ExecuteShell.csproj" Id="a74f5f50-81b3-4979-b8a7-c1a9eb072f56" />
  <Project Path="PvzLauncherRemake/PvzLauncherRemake.csproj" />
  <Project Path="UpdateService/UpdateService.csproj" />
</Solution>
